// !$*UTF8*$!
{
	archiveVersion = 1;
	classes = {
	};
	objectVersion = 50;
	objects = {

/* Begin PBXBuildFile section */
		2A8C2C9524AB69B7001F267F /* Pokemon.swift in Sources */ = {isa = PBXBuildFile; fileRef = 2A8C2C9424AB69B7001F267F /* Pokemon.swift */; };
		2A8C2C9824AB7AD5001F267F /* ContentViewModel.swift in Sources */ = {isa = PBXBuildFile; fileRef = 2A8C2C9724AB7AD5001F267F /* ContentViewModel.swift */; };
		366BF3A724AB66E900152479 /* AppDelegate.swift in Sources */ = {isa = PBXBuildFile; fileRef = 366BF3A624AB66E900152479 /* AppDelegate.swift */; };
		366BF3A924AB66E900152479 /* SceneDelegate.swift in Sources */ = {isa = PBXBuildFile; fileRef = 366BF3A824AB66E900152479 /* SceneDelegate.swift */; };
		366BF3AB24AB66E900152479 /* ContentView.swift in Sources */ = {isa = PBXBuildFile; fileRef = 366BF3AA24AB66E900152479 /* ContentView.swift */; };
		366BF3AD24AB66EB00152479 /* Assets.xcassets in Resources */ = {isa = PBXBuildFile; fileRef = 366BF3AC24AB66EB00152479 /* Assets.xcassets */; };
		366BF3B024AB66EB00152479 /* Preview Assets.xcassets in Resources */ = {isa = PBXBuildFile; fileRef = 366BF3AF24AB66EB00152479 /* Preview Assets.xcassets */; };
		366BF3B324AB66EC00152479 /* LaunchScreen.storyboard in Resources */ = {isa = PBXBuildFile; fileRef = 366BF3B124AB66EC00152479 /* LaunchScreen.storyboard */; };
		42A717B924AB6A43007F5B95 /* NetworkingService.swift in Sources */ = {isa = PBXBuildFile; fileRef = 42A717B824AB6A43007F5B95 /* NetworkingService.swift */; };
/* End PBXBuildFile section */

/* Begin PBXFileReference section */
		2A8C2C9424AB69B7001F267F /* Pokemon.swift */ = {isa = PBXFileReference; lastKnownFileType = sourcecode.swift; path = Pokemon.swift; sourceTree = "<group>"; };
		2A8C2C9724AB7AD5001F267F /* ContentViewModel.swift */ = {isa = PBXFileReference; lastKnownFileType = sourcecode.swift; path = ContentViewModel.swift; sourceTree = "<group>"; };
		366BF3A324AB66E900152479 /* Poke-Sample.app */ = {isa = PBXFileReference; explicitFileType = wrapper.application; includeInIndex = 0; path = "Poke-Sample.app"; sourceTree = BUILT_PRODUCTS_DIR; };
		366BF3A624AB66E900152479 /* AppDelegate.swift */ = {isa = PBXFileReference; lastKnownFileType = sourcecode.swift; path = AppDelegate.swift; sourceTree = "<group>"; };
		366BF3A824AB66E900152479 /* SceneDelegate.swift */ = {isa = PBXFileReference; lastKnownFileType = sourcecode.swift; path = SceneDelegate.swift; sourceTree = "<group>"; };
		366BF3AA24AB66E900152479 /* ContentView.swift */ = {isa = PBXFileReference; lastKnownFileType = sourcecode.swift; path = ContentView.swift; sourceTree = "<group>"; };
		366BF3AC24AB66EB00152479 /* Assets.xcassets */ = {isa = PBXFileReference; lastKnownFileType = folder.assetcatalog; path = Assets.xcassets; sourceTree = "<group>"; };
		366BF3AF24AB66EB00152479 /* Preview Assets.xcassets */ = {isa = PBXFileReference; lastKnownFileType = folder.assetcatalog; path = "Preview Assets.xcassets"; sourceTree = "<group>"; };
		366BF3B224AB66EC00152479 /* Base */ = {isa = PBXFileReference; lastKnownFileType = file.storyboard; name = Base; path = Base.lproj/LaunchScreen.storyboard; sourceTree = "<group>"; };
		366BF3B424AB66EC00152479 /* Info.plist */ = {isa = PBXFileReference; lastKnownFileType = text.plist.xml; path = Info.plist; sourceTree = "<group>"; };
		42A717B824AB6A43007F5B95 /* NetworkingService.swift */ = {isa = PBXFileReference; lastKnownFileType = sourcecode.swift; path = NetworkingService.swift; sourceTree = "<group>"; };
/* End PBXFileReference section */

/* Begin PBXFrameworksBuildPhase section */
		366BF3A024AB66E900152479 /* Frameworks */ = {
			isa = PBXFrameworksBuildPhase;
			buildActionMask = 2147483647;
			files = (
			);
			runOnlyForDeploymentPostprocessing = 0;
		};
/* End PBXFrameworksBuildPhase section */

/* Begin PBXGroup section */
		2A8C2C9324AB69A1001F267F /* Model */ = {
			isa = PBXGroup;
			children = (
				2A8C2C9424AB69B7001F267F /* Pokemon.swift */,
			);
			path = Model;
			sourceTree = "<group>";
		};
		2A8C2C9624AB7AC2001F267F /* Main */ = {
			isa = PBXGroup;
			children = (
				366BF3A624AB66E900152479 /* AppDelegate.swift */,
				366BF3A824AB66E900152479 /* SceneDelegate.swift */,
			);
			path = Main;
			sourceTree = "<group>";
		};
		366BF39A24AB66E900152479 = {
			isa = PBXGroup;
			children = (
				366BF3A524AB66E900152479 /* Poke-Sample */,
				366BF3A424AB66E900152479 /* Products */,
			);
			sourceTree = "<group>";
		};
		366BF3A424AB66E900152479 /* Products */ = {
			isa = PBXGroup;
			children = (
				366BF3A324AB66E900152479 /* Poke-Sample.app */,
			);
			name = Products;
			sourceTree = "<group>";
		};
		366BF3A524AB66E900152479 /* Poke-Sample */ = {
			isa = PBXGroup;
			children = (
				2A8C2C9324AB69A1001F267F /* Model */,
				2A8C2C9624AB7AC2001F267F /* Main */,
				366BF3AA24AB66E900152479 /* ContentView.swift */,
				2A8C2C9724AB7AD5001F267F /* ContentViewModel.swift */,
				366BF3AC24AB66EB00152479 /* Assets.xcassets */,
				366BF3B124AB66EC00152479 /* LaunchScreen.storyboard */,
				366BF3B424AB66EC00152479 /* Info.plist */,
				366BF3AE24AB66EB00152479 /* Preview Content */,
				42A717B824AB6A43007F5B95 /* NetworkingService.swift */,
			);
			path = "Poke-Sample";
			sourceTree = "<group>";
		};
		366BF3AE24AB66EB00152479 /* Preview Content */ = {
			isa = PBXGroup;
			children = (
				366BF3AF24AB66EB00152479 /* Preview Assets.xcassets */,
			);
			path = "Preview Content";
			sourceTree = "<group>";
		};
/* End PBXGroup section */

/* Begin PBXNativeTarget section */
		366BF3A224AB66E900152479 /* Poke-Sample */ = {
			isa = PBXNativeTarget;
			buildConfigurationList = 366BF3B724AB66EC00152479 /* Build configuration list for PBXNativeTarget "Poke-Sample" */;
			buildPhases = (
				366BF39F24AB66E900152479 /* Sources */,
				366BF3A024AB66E900152479 /* Frameworks */,
				366BF3A124AB66E900152479 /* Resources */,
			);
			buildRules = (
			);
			dependencies = (
			);
			name = "Poke-Sample";
			productName = "Poke-Sample";
			productReference = 366BF3A324AB66E900152479 /* Poke-Sample.app */;
			productType = "com.apple.product-type.application";
		};
/* End PBXNativeTarget section */

/* Begin PBXProject section */
		366BF39B24AB66E900152479 /* Project object */ = {
			isa = PBXProject;
			attributes = {
				LastSwiftUpdateCheck = 1150;
				LastUpgradeCheck = 1150;
				ORGANIZATIONNAME = "Arthur Rodrigues";
				TargetAttributes = {
					366BF3A224AB66E900152479 = {
						CreatedOnToolsVersion = 11.5;
					};
				};
			};
			buildConfigurationList = 366BF39E24AB66E900152479 /* Build configuration list for PBXProject "Poke-Sample" */;
			compatibilityVersion = "Xcode 9.3";
			developmentRegion = en;
			hasScannedForEncodings = 0;
			knownRegions = (
				en,
				Base,
			);
			mainGroup = 366BF39A24AB66E900152479;
			productRefGroup = 366BF3A424AB66E900152479 /* Products */;
			projectDirPath = "";
			projectRoot = "";
			targets = (
				366BF3A224AB66E900152479 /* Poke-Sample */,
			);
		};
/* End PBXProject section */

/* Begin PBXResourcesBuildPhase section */
		366BF3A124AB66E900152479 /* Resources */ = {
			isa = PBXResourcesBuildPhase;
			buildActionMask = 2147483647;
			files = (
				366BF3B324AB66EC00152479 /* LaunchScreen.storyboard in Resources */,
				366BF3B024AB66EB00152479 /* Preview Assets.xcassets in Resources */,
				366BF3AD24AB66EB00152479 /* Assets.xcassets in Resources */,
			);
			runOnlyForDeploymentPostprocessing = 0;
		};
/* End PBXResourcesBuildPhase section */

/* Begin PBXSourcesBuildPhase section */
		366BF39F24AB66E900152479 /* Sources */ = {
			isa = PBXSourcesBuildPhase;
			buildActionMask = 2147483647;
			files = (
				366BF3A724AB66E900152479 /* AppDelegate.swift in Sources */,
				2A8C2C9524AB69B7001F267F /* Pokemon.swift in Sources */,
				2A8C2C9824AB7AD5001F267F /* ContentViewModel.swift in Sources */,
				366BF3A924AB66E900152479 /* SceneDelegate.swift in Sources */,
				366BF3AB24AB66E900152479 /* ContentView.swift in Sources */,
				42A717B924AB6A43007F5B95 /* NetworkingService.swift in Sources */,
			);
			runOnlyForDeploymentPostprocessing = 0;
		};
/* End PBXSourcesBuildPhase section */

/* Begin PBXVariantGroup section */
		366BF3B124AB66EC00152479 /* LaunchScreen.storyboard */ = {
			isa = PBXVariantGroup;
			children = (
				366BF3B224AB66EC00152479 /* Base */,
			);
			name = LaunchScreen.storyboard;
			sourceTree = "<group>";
		};
/* End PBXVariantGroup section */

/* Begin XCBuildConfiguration section */
		366BF3B524AB66EC00152479 /* Debug */ = {
			isa = XCBuildConfiguration;
			buildSettings = {
				ALWAYS_SEARCH_USER_PATHS = NO;
				CLANG_ANALYZER_NONNULL = YES;
				CLANG_ANALYZER_NUMBER_OBJECT_CONVERSION = YES_AGGRESSIVE;
				CLANG_CXX_LANGUAGE_STANDARD = "gnu++14";
				CLANG_CXX_LIBRARY = "libc++";
				CLANG_ENABLE_MODULES = YES;
				CLANG_ENABLE_OBJC_ARC = YES;
				CLANG_ENABLE_OBJC_WEAK = YES;
				CLANG_WARN_BLOCK_CAPTURE_AUTORELEASING = YES;
				CLANG_WARN_BOOL_CONVERSION = YES;
				CLANG_WARN_COMMA = YES;
				CLANG_WARN_CONSTANT_CONVERSION = YES;
				CLANG_WARN_DEPRECATED_OBJC_IMPLEMENTATIONS = YES;
				CLANG_WARN_DIRECT_OBJC_ISA_USAGE = YES_ERROR;
				CLANG_WARN_DOCUMENTATION_COMMENTS = YES;
				CLANG_WARN_EMPTY_BODY = YES;
				CLANG_WARN_ENUM_CONVERSION = YES;
				CLANG_WARN_INFINITE_RECURSION = YES;
				CLANG_WARN_INT_CONVERSION = YES;
				CLANG_WARN_NON_LITERAL_NULL_CONVERSION = YES;
				CLANG_WARN_OBJC_IMPLICIT_RETAIN_SELF = YES;
				CLANG_WARN_OBJC_LITERAL_CONVERSION = YES;
				CLANG_WARN_OBJC_ROOT_CLASS = YES_ERROR;
				CLANG_WARN_RANGE_LOOP_ANALYSIS = YES;
				CLANG_WARN_STRICT_PROTOTYPES = YES;
				CLANG_WARN_SUSPICIOUS_MOVE = YES;
				CLANG_WARN_UNGUARDED_AVAILABILITY = YES_AGGRESSIVE;
				CLANG_WARN_UNREACHABLE_CODE = YES;
				CLANG_WARN__DUPLICATE_METHOD_MATCH = YES;
				COPY_PHASE_STRIP = NO;
				DEBUG_INFORMATION_FORMAT = dwarf;
				ENABLE_STRICT_OBJC_MSGSEND = YES;
				ENABLE_TESTABILITY = YES;
				GCC_C_LANGUAGE_STANDARD = gnu11;
				GCC_DYNAMIC_NO_PIC = NO;
				GCC_NO_COMMON_BLOCKS = YES;
				GCC_OPTIMIZATION_LEVEL = 0;
				GCC_PREPROCESSOR_DEFINITIONS = (
					"DEBUG=1",
					"$(inherited)",
				);
				GCC_WARN_64_TO_32_BIT_CONVERSION = YES;
				GCC_WARN_ABOUT_RETURN_TYPE = YES_ERROR;
				GCC_WARN_UNDECLARED_SELECTOR = YES;
				GCC_WARN_UNINITIALIZED_AUTOS = YES_AGGRESSIVE;
				GCC_WARN_UNUSED_FUNCTION = YES;
				GCC_WARN_UNUSED_VARIABLE = YES;
				IPHONEOS_DEPLOYMENT_TARGET = 13.5;
				MTL_ENABLE_DEBUG_INFO = INCLUDE_SOURCE;
				MTL_FAST_MATH = YES;
				ONLY_ACTIVE_ARCH = YES;
				SDKROOT = iphoneos;
				SWIFT_ACTIVE_COMPILATION_CONDITIONS = DEBUG;
				SWIFT_OPTIMIZATION_LEVEL = "-Onone";
			};
			name = Debug;
		};
		366BF3B624AB66EC00152479 /* Release */ = {
			isa = XCBuildConfiguration;
			buildSettings = {
				ALWAYS_SEARCH_USER_PATHS = NO;
				CLANG_ANALYZER_NONNULL = YES;
				CLANG_ANALYZER_NUMBER_OBJECT_CONVERSION = YES_AGGRESSIVE;
				CLANG_CXX_LANGUAGE_STANDARD = "gnu++14";
				CLANG_CXX_LIBRARY = "libc++";
				CLANG_ENABLE_MODULES = YES;
				CLANG_ENABLE_OBJC_ARC = YES;
				CLANG_ENABLE_OBJC_WEAK = YES;
				CLANG_WARN_BLOCK_CAPTURE_AUTORELEASING = YES;
				CLANG_WARN_BOOL_CONVERSION = YES;
				CLANG_WARN_COMMA = YES;
				CLANG_WARN_CONSTANT_CONVERSION = YES;
				CLANG_WARN_DEPRECATED_OBJC_IMPLEMENTATIONS = YES;
				CLANG_WARN_DIRECT_OBJC_ISA_USAGE = YES_ERROR;
				CLANG_WARN_DOCUMENTATION_COMMENTS = YES;
				CLANG_WARN_EMPTY_BODY = YES;
				CLANG_WARN_ENUM_CONVERSION = YES;
				CLANG_WARN_INFINITE_RECURSION = YES;
				CLANG_WARN_INT_CONVERSION = YES;
				CLANG_WARN_NON_LITERAL_NULL_CONVERSION = YES;
				CLANG_WARN_OBJC_IMPLICIT_RETAIN_SELF = YES;
				CLANG_WARN_OBJC_LITERAL_CONVERSION = YES;
				CLANG_WARN_OBJC_ROOT_CLASS = YES_ERROR;
				CLANG_WARN_RANGE_LOOP_ANALYSIS = YES;
				CLANG_WARN_STRICT_PROTOTYPES = YES;
				CLANG_WARN_SUSPICIOUS_MOVE = YES;
				CLANG_WARN_UNGUARDED_AVAILABILITY = YES_AGGRESSIVE;
				CLANG_WARN_UNREACHABLE_CODE = YES;
				CLANG_WARN__DUPLICATE_METHOD_MATCH = YES;
				COPY_PHASE_STRIP = NO;
				DEBUG_INFORMATION_FORMAT = "dwarf-with-dsym";
				ENABLE_NS_ASSERTIONS = NO;
				ENABLE_STRICT_OBJC_MSGSEND = YES;
				GCC_C_LANGUAGE_STANDARD = gnu11;
				GCC_NO_COMMON_BLOCKS = YES;
				GCC_WARN_64_TO_32_BIT_CONVERSION = YES;
				GCC_WARN_ABOUT_RETURN_TYPE = YES_ERROR;
				GCC_WARN_UNDECLARED_SELECTOR = YES;
				GCC_WARN_UNINITIALIZED_AUTOS = YES_AGGRESSIVE;
				GCC_WARN_UNUSED_FUNCTION = YES;
				GCC_WARN_UNUSED_VARIABLE = YES;
				IPHONEOS_DEPLOYMENT_TARGET = 13.5;
				MTL_ENABLE_DEBUG_INFO = NO;
				MTL_FAST_MATH = YES;
				SDKROOT = iphoneos;
				SWIFT_COMPILATION_MODE = wholemodule;
				SWIFT_OPTIMIZATION_LEVEL = "-O";
				VALIDATE_PRODUCT = YES;
			};
			name = Release;
		};
		366BF3B824AB66EC00152479 /* Debug */ = {
			isa = XCBuildConfiguration;
			buildSettings = {
				ASSETCATALOG_COMPILER_APPICON_NAME = AppIcon;
				CODE_SIGN_STYLE = Automatic;
				DEVELOPMENT_ASSET_PATHS = "\"Poke-Sample/Preview Content\"";
				DEVELOPMENT_TEAM = 48FQ2LXW3X;
				ENABLE_PREVIEWS = YES;
				INFOPLIST_FILE = "Poke-Sample/Info.plist";
				LD_RUNPATH_SEARCH_PATHS = (
					"$(inherited)",
					"@executable_path/Frameworks",
				);
				PRODUCT_BUNDLE_IDENTIFIER = "rodrigues.arthur.Poke-Sample";
				PRODUCT_NAME = "$(TARGET_NAME)";
				SWIFT_VERSION = 5.0;
				TARGETED_DEVICE_FAMILY = "1,2";
			};
			name = Debug;
		};
		366BF3B924AB66EC00152479 /* Release */ = {
			isa = XCBuildConfiguration;
			buildSettings = {
				ASSETCATALOG_COMPILER_APPICON_NAME = AppIcon;
				CODE_SIGN_STYLE = Automatic;
				DEVELOPMENT_ASSET_PATHS = "\"Poke-Sample/Preview Content\"";
				DEVELOPMENT_TEAM = 48FQ2LXW3X;
				ENABLE_PREVIEWS = YES;
				INFOPLIST_FILE = "Poke-Sample/Info.plist";
				LD_RUNPATH_SEARCH_PATHS = (
					"$(inherited)",
					"@executable_path/Frameworks",
				);
				PRODUCT_BUNDLE_IDENTIFIER = "rodrigues.arthur.Poke-Sample";
				PRODUCT_NAME = "$(TARGET_NAME)";
				SWIFT_VERSION = 5.0;
				TARGETED_DEVICE_FAMILY = "1,2";
			};
			name = Release;
		};
/* End XCBuildConfiguration section */

/* Begin XCConfigurationList section */
		366BF39E24AB66E900152479 /* Build configuration list for PBXProject "Poke-Sample" */ = {
			isa = XCConfigurationList;
			buildConfigurations = (
				366BF3B524AB66EC00152479 /* Debug */,
				366BF3B624AB66EC00152479 /* Release */,
			);
			defaultConfigurationIsVisible = 0;
			defaultConfigurationName = Release;
		};
		366BF3B724AB66EC00152479 /* Build configuration list for PBXNativeTarget "Poke-Sample" */ = {
			isa = XCConfigurationList;
			buildConfigurations = (
				366BF3B824AB66EC00152479 /* Debug */,
				366BF3B924AB66EC00152479 /* Release */,
			);
			defaultConfigurationIsVisible = 0;
			defaultConfigurationName = Release;
		};
/* End XCConfigurationList section */
	};
	rootObject = 366BF39B24AB66E900152479 /* Project object */;
}
